
Microsoft Visual Studio Solution File, Format Version 12.00
# Visual Studio 15
VisualStudioVersion = 15.0.27703.2026
MinimumVisualStudioVersion = 10.0.40219.1
Project("{FAE04EC0-301F-11D3-BF4B-00C04F79EFBC}") = "Optimization_Methods_Lab3", "Optimization_Methods_Lab3\Optimization_Methods_Lab3.csproj", "{BAAFE48B-1B30-4277-8816-7DD4867ED84A}"
EndProject
Global
	GlobalSection(SolutionConfigurationPlatforms) = preSolution
		Debug|Any CPU = Debug|Any CPU
		Release|Any CPU = Release|Any CPU
	EndGlobalSection
	GlobalSection(ProjectConfigurationPlatforms) = postSolution
		{BAAFE48B-1B30-4277-8816-7DD4867ED84A}.Debug|Any CPU.ActiveCfg = Debug|Any CPU
		{BAAFE48B-1B30-4277-8816-7DD4867ED84A}.Debug|Any CPU.Build.0 = Debug|Any CPU
		{BAAFE48B-1B30-4277-8816-7DD4867ED84A}.Release|Any CPU.ActiveCfg = Release|Any CPU
		{BAAFE48B-1B30-4277-8816-7DD4867ED84A}.Release|Any CPU.Build.0 = Release|Any CPU
	EndGlobalSection
	GlobalSection(SolutionProperties) = preSolution
		HideSolutionNode = FALSE
	EndGlobalSection
	GlobalSection(ExtensibilityGlobals) = postSolution
		SolutionGuid = {53D941B1-18A6-434E-88D5-AAF83B9BB46D}
	EndGlobalSection
EndGlobal
